
Microsoft Visual Studio Solution File, Format Version 12.00
# Visual Studio 15
VisualStudioVersion = 15.0.26730.16
MinimumVisualStudioVersion = 10.0.40219.1
Project("{FAE04EC0-301F-11D3-BF4B-00C04F79EFBC}") = "creature", "creature\creature.csproj", "{2B9E4F55-4B9A-4D6C-8226-2D2E65EEDE61}"
EndProject
Global
	GlobalSection(SolutionConfigurationPlatforms) = preSolution
		Debug|Any CPU = Debug|Any CPU
		Release|Any CPU = Release|Any CPU
	EndGlobalSection
	GlobalSection(ProjectConfigurationPlatforms) = postSolution
		{2B9E4F55-4B9A-4D6C-8226-2D2E65EEDE61}.Debug|Any CPU.ActiveCfg = Debug|Any CPU
		{2B9E4F55-4B9A-4D6C-8226-2D2E65EEDE61}.Debug|Any CPU.Build.0 = Debug|Any CPU
		{2B9E4F55-4B9A-4D6C-8226-2D2E65EEDE61}.Release|Any CPU.ActiveCfg = Release|Any CPU
		{2B9E4F55-4B9A-4D6C-8226-2D2E65EEDE61}.Release|Any CPU.Build.0 = Release|Any CPU
	EndGlobalSection
	GlobalSection(SolutionProperties) = preSolution
		HideSolutionNode = FALSE
	EndGlobalSection
	GlobalSection(ExtensibilityGlobals) = postSolution
		SolutionGuid = {C193538F-8F72-4F7F-92B5-E7BD2EB48054}
	EndGlobalSection
EndGlobal
